
Microsoft Visual Studio Solution File, Format Version 12.00
# Visual Studio Version 16
VisualStudioVersion = 16.0.31005.135
MinimumVisualStudioVersion = 10.0.40219.1
Project("{FAE04EC0-301F-11D3-BF4B-00C04F79EFBC}") = "Employee_WebApp", "Employee_WebApp.csproj", "{D2FFC778-6A74-4397-A2CB-E9929BB5A944}"
EndProject
Global
	GlobalSection(SolutionConfigurationPlatforms) = preSolution
		Debug|Any CPU = Debug|Any CPU
		Release|Any CPU = Release|Any CPU
	EndGlobalSection
	GlobalSection(ProjectConfigurationPlatforms) = postSolution
		{D2FFC778-6A74-4397-A2CB-E9929BB5A944}.Debug|Any CPU.ActiveCfg = Debug|Any CPU
		{D2FFC778-6A74-4397-A2CB-E9929BB5A944}.Debug|Any CPU.Build.0 = Debug|Any CPU
		{D2FFC778-6A74-4397-A2CB-E9929BB5A944}.Release|Any CPU.ActiveCfg = Release|Any CPU
		{D2FFC778-6A74-4397-A2CB-E9929BB5A944}.Release|Any CPU.Build.0 = Release|Any CPU
	EndGlobalSection
	GlobalSection(SolutionProperties) = preSolution
		HideSolutionNode = FALSE
	EndGlobalSection
	GlobalSection(ExtensibilityGlobals) = postSolution
		SolutionGuid = {37328371-1823-4ACD-B029-867B466C00D6}
	EndGlobalSection
EndGlobal
